<Solution>
  <Folder Name="/Solution Items/">
    <File Path=".editorconfig" />
    <File Path=".env" />
    <File Path=".gitignore" />
    <File Path="Directory.Build.props" />
    <File Path="Directory.Packages.props" />
  </Folder>
  <Folder Name="/src/">
    <Project Path="src/SharedKernel/SharedKernel.csproj" />
    <Project Path="src/Web.Api/Web.Api.csproj" />
  </Folder>
  <Folder Name="/src/Modules/" />
  <Folder Name="/src/tests/" />
  <Folder Name="/src/Modules/Cart/" />
  <Folder Name="/src/Modules/Catalog/">
    <Project Path="Catalog.Domain/Catalog.Domain.csproj" Id="ebaca704-3254-4eaf-8fd8-a69dd7a4526d" />
  </Folder>
  <Folder Name="/src/Modules/Identity/">
    <Project Path="src/Modules/Identity/Identity.Application/Identity.Application.csproj" />
    <Project Path="src/Modules/Identity/Identity.Domain/Identity.Domain.csproj" />
    <Project Path="src/Modules/Identity/Identity.Infrastructure/Identity.Infrastructure.csproj" />
  </Folder>
  <Folder Name="/src/Modules/Identity/Engagement/" />
  <Folder Name="/src/Modules/Ordering/" />
  <Folder Name="/src/Modules/Promotions/" />
  <Folder Name="/src/tests/Modules/">
    <Project Path="Identity.UnitTests/Identity.UnitTests.csproj" Id="8ac7bb10-7b93-43a5-a9a4-bc8b50ed9535" />
  </Folder>
</Solution>
